
Microsoft Visual Studio Solution File, Format Version 12.00
# Visual Studio Version 17
VisualStudioVersion = 17.5.33502.453
MinimumVisualStudioVersion = 10.0.40219.1
Project("{FAE04EC0-301F-11D3-BF4B-00C04F79EFBC}") = "aayalaS3.Android", "aayalaS3.Android\aayalaS3.Android.csproj", "{05F6BB6F-99FE-4473-B034-5DE2D297A174}"
EndProject
Project("{FAE04EC0-301F-11D3-BF4B-00C04F79EFBC}") = "aayalaS3.iOS", "aayalaS3.iOS\aayalaS3.iOS.csproj", "{DB2AA338-6808-4E5F-906A-20B5EFA5DDF0}"
EndProject
Project("{FAE04EC0-301F-11D3-BF4B-00C04F79EFBC}") = "aayalaS3", "aayalaS3\aayalaS3.csproj", "{327A8BDF-04D5-4B08-92A3-E9648B5FF7C4}"
EndProject
Global
	GlobalSection(SolutionConfigurationPlatforms) = preSolution
		Debug|Any CPU = Debug|Any CPU
		Debug|iPhone = Debug|iPhone
		Debug|iPhoneSimulator = Debug|iPhoneSimulator
		Release|Any CPU = Release|Any CPU
		Release|iPhone = Release|iPhone
		Release|iPhoneSimulator = Release|iPhoneSimulator
	EndGlobalSection
	GlobalSection(ProjectConfigurationPlatforms) = postSolution
		{05F6BB6F-99FE-4473-B034-5DE2D297A174}.Debug|Any CPU.ActiveCfg = Debug|Any CPU
		{05F6BB6F-99FE-4473-B034-5DE2D297A174}.Debug|Any CPU.Build.0 = Debug|Any CPU
		{05F6BB6F-99FE-4473-B034-5DE2D297A174}.Debug|Any CPU.Deploy.0 = Debug|Any CPU
		{05F6BB6F-99FE-4473-B034-5DE2D297A174}.Debug|iPhone.ActiveCfg = Debug|Any CPU
		{05F6BB6F-99FE-4473-B034-5DE2D297A174}.Debug|iPhone.Build.0 = Debug|Any CPU
		{05F6BB6F-99FE-4473-B034-5DE2D297A174}.Debug|iPhone.Deploy.0 = Debug|Any CPU
		{05F6BB6F-99FE-4473-B034-5DE2D297A174}.Debug|iPhoneSimulator.ActiveCfg = Debug|Any CPU
		{05F6BB6F-99FE-4473-B034-5DE2D297A174}.Debug|iPhoneSimulator.Build.0 = Debug|Any CPU
		{05F6BB6F-99FE-4473-B034-5DE2D297A174}.Debug|iPhoneSimulator.Deploy.0 = Debug|Any CPU
		{05F6BB6F-99FE-4473-B034-5DE2D297A174}.Release|Any CPU.ActiveCfg = Release|Any CPU
		{05F6BB6F-99FE-4473-B034-5DE2D297A174}.Release|Any CPU.Build.0 = Release|Any CPU
		{05F6BB6F-99FE-4473-B034-5DE2D297A174}.Release|Any CPU.Deploy.0 = Release|Any CPU
		{05F6BB6F-99FE-4473-B034-5DE2D297A174}.Release|iPhone.ActiveCfg = Release|Any CPU
		{05F6BB6F-99FE-4473-B034-5DE2D297A174}.Release|iPhone.Build.0 = Release|Any CPU
		{05F6BB6F-99FE-4473-B034-5DE2D297A174}.Release|iPhone.Deploy.0 = Release|Any CPU
		{05F6BB6F-99FE-4473-B034-5DE2D297A174}.Release|iPhoneSimulator.ActiveCfg = Release|Any CPU
		{05F6BB6F-99FE-4473-B034-5DE2D297A174}.Release|iPhoneSimulator.Build.0 = Release|Any CPU
		{05F6BB6F-99FE-4473-B034-5DE2D297A174}.Release|iPhoneSimulator.Deploy.0 = Release|Any CPU
		{DB2AA338-6808-4E5F-906A-20B5EFA5DDF0}.Debug|Any CPU.ActiveCfg = Debug|iPhone
		{DB2AA338-6808-4E5F-906A-20B5EFA5DDF0}.Debug|Any CPU.Build.0 = Debug|iPhone
		{DB2AA338-6808-4E5F-906A-20B5EFA5DDF0}.Debug|Any CPU.Deploy.0 = Debug|iPhone
		{DB2AA338-6808-4E5F-906A-20B5EFA5DDF0}.Debug|iPhone.ActiveCfg = Debug|iPhone
		{DB2AA338-6808-4E5F-906A-20B5EFA5DDF0}.Debug|iPhone.Build.0 = Debug|iPhone
		{DB2AA338-6808-4E5F-906A-20B5EFA5DDF0}.Debug|iPhone.Deploy.0 = Debug|iPhone
		{DB2AA338-6808-4E5F-906A-20B5EFA5DDF0}.Debug|iPhoneSimulator.ActiveCfg = Debug|iPhoneSimulator
		{DB2AA338-6808-4E5F-906A-20B5EFA5DDF0}.Debug|iPhoneSimulator.Build.0 = Debug|iPhoneSimulator
		{DB2AA338-6808-4E5F-906A-20B5EFA5DDF0}.Debug|iPhoneSimulator.Deploy.0 = Debug|iPhoneSimulator
		{DB2AA338-6808-4E5F-906A-20B5EFA5DDF0}.Release|Any CPU.ActiveCfg = Release|iPhoneSimulator
		{DB2AA338-6808-4E5F-906A-20B5EFA5DDF0}.Release|Any CPU.Build.0 = Release|iPhoneSimulator
		{DB2AA338-6808-4E5F-906A-20B5EFA5DDF0}.Release|Any CPU.Deploy.0 = Release|iPhoneSimulator
		{DB2AA338-6808-4E5F-906A-20B5EFA5DDF0}.Release|iPhone.ActiveCfg = Release|iPhone
		{DB2AA338-6808-4E5F-906A-20B5EFA5DDF0}.Release|iPhone.Build.0 = Release|iPhone
		{DB2AA338-6808-4E5F-906A-20B5EFA5DDF0}.Release|iPhone.Deploy.0 = Release|iPhone
		{DB2AA338-6808-4E5F-906A-20B5EFA5DDF0}.Release|iPhoneSimulator.ActiveCfg = Release|iPhoneSimulator
		{DB2AA338-6808-4E5F-906A-20B5EFA5DDF0}.Release|iPhoneSimulator.Build.0 = Release|iPhoneSimulator
		{DB2AA338-6808-4E5F-906A-20B5EFA5DDF0}.Release|iPhoneSimulator.Deploy.0 = Release|iPhoneSimulator
		{327A8BDF-04D5-4B08-92A3-E9648B5FF7C4}.Debug|Any CPU.ActiveCfg = Debug|Any CPU
		{327A8BDF-04D5-4B08-92A3-E9648B5FF7C4}.Debug|Any CPU.Build.0 = Debug|Any CPU
		{327A8BDF-04D5-4B08-92A3-E9648B5FF7C4}.Debug|Any CPU.Deploy.0 = Debug|Any CPU
		{327A8BDF-04D5-4B08-92A3-E9648B5FF7C4}.Debug|iPhone.ActiveCfg = Debug|Any CPU
		{327A8BDF-04D5-4B08-92A3-E9648B5FF7C4}.Debug|iPhone.Build.0 = Debug|Any CPU
		{327A8BDF-04D5-4B08-92A3-E9648B5FF7C4}.Debug|iPhone.Deploy.0 = Debug|Any CPU
		{327A8BDF-04D5-4B08-92A3-E9648B5FF7C4}.Debug|iPhoneSimulator.ActiveCfg = Debug|Any CPU
		{327A8BDF-04D5-4B08-92A3-E9648B5FF7C4}.Debug|iPhoneSimulator.Build.0 = Debug|Any CPU
		{327A8BDF-04D5-4B08-92A3-E9648B5FF7C4}.Debug|iPhoneSimulator.Deploy.0 = Debug|Any CPU
		{327A8BDF-04D5-4B08-92A3-E9648B5FF7C4}.Release|Any CPU.ActiveCfg = Release|Any CPU
		{327A8BDF-04D5-4B08-92A3-E9648B5FF7C4}.Release|Any CPU.Build.0 = Release|Any CPU
		{327A8BDF-04D5-4B08-92A3-E9648B5FF7C4}.Release|Any CPU.Deploy.0 = Release|Any CPU
		{327A8BDF-04D5-4B08-92A3-E9648B5FF7C4}.Release|iPhone.ActiveCfg = Release|Any CPU
		{327A8BDF-04D5-4B08-92A3-E9648B5FF7C4}.Release|iPhone.Build.0 = Release|Any CPU
		{327A8BDF-04D5-4B08-92A3-E9648B5FF7C4}.Release|iPhone.Deploy.0 = Release|Any CPU
		{327A8BDF-04D5-4B08-92A3-E9648B5FF7C4}.Release|iPhoneSimulator.ActiveCfg = Release|Any CPU
		{327A8BDF-04D5-4B08-92A3-E9648B5FF7C4}.Release|iPhoneSimulator.Build.0 = Release|Any CPU
		{327A8BDF-04D5-4B08-92A3-E9648B5FF7C4}.Release|iPhoneSimulator.Deploy.0 = Release|Any CPU
	EndGlobalSection
	GlobalSection(SolutionProperties) = preSolution
		HideSolutionNode = FALSE
	EndGlobalSection
	GlobalSection(ExtensibilityGlobals) = postSolution
		SolutionGuid = {EA4544B0-CC22-4EBF-B17A-D9A39416A02F}
	EndGlobalSection
EndGlobal
